
Microsoft Visual Studio Solution File, Format Version 12.00
# Visual Studio Version 17
VisualStudioVersion = 17.1.32328.378
MinimumVisualStudioVersion = 10.0.40219.1
Project("{FAE04EC0-301F-11D3-BF4B-00C04F79EFBC}") = "Калькулятор", "Калькулятор.csproj", "{444E6D57-64F5-4812-AA85-01707C680687}"
EndProject
Global
	GlobalSection(SolutionConfigurationPlatforms) = preSolution
		Debug|Any CPU = Debug|Any CPU
		Release|Any CPU = Release|Any CPU
	EndGlobalSection
	GlobalSection(ProjectConfigurationPlatforms) = postSolution
		{444E6D57-64F5-4812-AA85-01707C680687}.Debug|Any CPU.ActiveCfg = Debug|Any CPU
		{444E6D57-64F5-4812-AA85-01707C680687}.Debug|Any CPU.Build.0 = Debug|Any CPU
		{444E6D57-64F5-4812-AA85-01707C680687}.Release|Any CPU.ActiveCfg = Release|Any CPU
		{444E6D57-64F5-4812-AA85-01707C680687}.Release|Any CPU.Build.0 = Release|Any CPU
	EndGlobalSection
	GlobalSection(SolutionProperties) = preSolution
		HideSolutionNode = FALSE
	EndGlobalSection
	GlobalSection(ExtensibilityGlobals) = postSolution
		SolutionGuid = {CE9FA81E-6CF1-4487-A504-86D197EC6AB0}
	EndGlobalSection
EndGlobal
